
Microsoft Visual Studio Solution File, Format Version 12.00
# Visual Studio 14
VisualStudioVersion = 14.0.24720.0
MinimumVisualStudioVersion = 10.0.40219.1
Project("{FAE04EC0-301F-11D3-BF4B-00C04F79EFBC}") = "Wpfhello17", "Wpfhello17\Wpfhello17.csproj", "{D43004F3-83E7-4C99-AEFE-FA964E3135B7}"
EndProject
Global
	GlobalSection(SolutionConfigurationPlatforms) = preSolution
		Debug|Any CPU = Debug|Any CPU
		Release|Any CPU = Release|Any CPU
	EndGlobalSection
	GlobalSection(ProjectConfigurationPlatforms) = postSolution
		{D43004F3-83E7-4C99-AEFE-FA964E3135B7}.Debug|Any CPU.ActiveCfg = Debug|Any CPU
		{D43004F3-83E7-4C99-AEFE-FA964E3135B7}.Debug|Any CPU.Build.0 = Debug|Any CPU
		{D43004F3-83E7-4C99-AEFE-FA964E3135B7}.Release|Any CPU.ActiveCfg = Release|Any CPU
		{D43004F3-83E7-4C99-AEFE-FA964E3135B7}.Release|Any CPU.Build.0 = Release|Any CPU
	EndGlobalSection
	GlobalSection(SolutionProperties) = preSolution
		HideSolutionNode = FALSE
	EndGlobalSection
EndGlobal
