
Microsoft Visual Studio Solution File, Format Version 12.00
# Visual Studio 14
VisualStudioVersion = 14.0.24720.0
MinimumVisualStudioVersion = 10.0.40219.1
Project("{FAE04EC0-301F-11D3-BF4B-00C04F79EFBC}") = "Wpfhello12", "Wpfhello12\Wpfhello12.csproj", "{150D4DC8-5B2D-4A52-BE9E-2260A7798480}"
EndProject
Global
	GlobalSection(SolutionConfigurationPlatforms) = preSolution
		Debug|Any CPU = Debug|Any CPU
		Release|Any CPU = Release|Any CPU
	EndGlobalSection
	GlobalSection(ProjectConfigurationPlatforms) = postSolution
		{150D4DC8-5B2D-4A52-BE9E-2260A7798480}.Debug|Any CPU.ActiveCfg = Debug|Any CPU
		{150D4DC8-5B2D-4A52-BE9E-2260A7798480}.Debug|Any CPU.Build.0 = Debug|Any CPU
		{150D4DC8-5B2D-4A52-BE9E-2260A7798480}.Release|Any CPU.ActiveCfg = Release|Any CPU
		{150D4DC8-5B2D-4A52-BE9E-2260A7798480}.Release|Any CPU.Build.0 = Release|Any CPU
	EndGlobalSection
	GlobalSection(SolutionProperties) = preSolution
		HideSolutionNode = FALSE
	EndGlobalSection
EndGlobal
